
Microsoft Visual Studio Solution File, Format Version 12.00
# Visual Studio 15
VisualStudioVersion = 15.0.26124.0
MinimumVisualStudioVersion = 15.0.26124.0
Project("{FAE04EC0-301F-11D3-BF4B-00C04F79EFBC}") = "Nanny.Console", "Nanny.Console\Nanny.Console.csproj", "{621B7688-4D69-478D-91C9-3A51FD4A4104}"
EndProject
Project("{FAE04EC0-301F-11D3-BF4B-00C04F79EFBC}") = "Nanny.Console.Tests", "Nanny.Console.Tests\Nanny.Console.Tests.csproj", "{3F79A439-97FC-443A-9C5B-899EF561C060}"
EndProject
Global
	GlobalSection(SolutionConfigurationPlatforms) = preSolution
		Debug|Any CPU = Debug|Any CPU
		Debug|x64 = Debug|x64
		Debug|x86 = Debug|x86
		Release|Any CPU = Release|Any CPU
		Release|x64 = Release|x64
		Release|x86 = Release|x86
	EndGlobalSection
	GlobalSection(SolutionProperties) = preSolution
		HideSolutionNode = FALSE
	EndGlobalSection
	GlobalSection(ProjectConfigurationPlatforms) = postSolution
		{621B7688-4D69-478D-91C9-3A51FD4A4104}.Debug|Any CPU.ActiveCfg = Debug|Any CPU
		{621B7688-4D69-478D-91C9-3A51FD4A4104}.Debug|Any CPU.Build.0 = Debug|Any CPU
		{621B7688-4D69-478D-91C9-3A51FD4A4104}.Debug|x64.ActiveCfg = Debug|Any CPU
		{621B7688-4D69-478D-91C9-3A51FD4A4104}.Debug|x64.Build.0 = Debug|Any CPU
		{621B7688-4D69-478D-91C9-3A51FD4A4104}.Debug|x86.ActiveCfg = Debug|Any CPU
		{621B7688-4D69-478D-91C9-3A51FD4A4104}.Debug|x86.Build.0 = Debug|Any CPU
		{621B7688-4D69-478D-91C9-3A51FD4A4104}.Release|Any CPU.ActiveCfg = Release|Any CPU
		{621B7688-4D69-478D-91C9-3A51FD4A4104}.Release|Any CPU.Build.0 = Release|Any CPU
		{621B7688-4D69-478D-91C9-3A51FD4A4104}.Release|x64.ActiveCfg = Release|Any CPU
		{621B7688-4D69-478D-91C9-3A51FD4A4104}.Release|x64.Build.0 = Release|Any CPU
		{621B7688-4D69-478D-91C9-3A51FD4A4104}.Release|x86.ActiveCfg = Release|Any CPU
		{621B7688-4D69-478D-91C9-3A51FD4A4104}.Release|x86.Build.0 = Release|Any CPU
		{3F79A439-97FC-443A-9C5B-899EF561C060}.Debug|Any CPU.ActiveCfg = Debug|Any CPU
		{3F79A439-97FC-443A-9C5B-899EF561C060}.Debug|Any CPU.Build.0 = Debug|Any CPU
		{3F79A439-97FC-443A-9C5B-899EF561C060}.Debug|x64.ActiveCfg = Debug|Any CPU
		{3F79A439-97FC-443A-9C5B-899EF561C060}.Debug|x64.Build.0 = Debug|Any CPU
		{3F79A439-97FC-443A-9C5B-899EF561C060}.Debug|x86.ActiveCfg = Debug|Any CPU
		{3F79A439-97FC-443A-9C5B-899EF561C060}.Debug|x86.Build.0 = Debug|Any CPU
		{3F79A439-97FC-443A-9C5B-899EF561C060}.Release|Any CPU.ActiveCfg = Release|Any CPU
		{3F79A439-97FC-443A-9C5B-899EF561C060}.Release|Any CPU.Build.0 = Release|Any CPU
		{3F79A439-97FC-443A-9C5B-899EF561C060}.Release|x64.ActiveCfg = Release|Any CPU
		{3F79A439-97FC-443A-9C5B-899EF561C060}.Release|x64.Build.0 = Release|Any CPU
		{3F79A439-97FC-443A-9C5B-899EF561C060}.Release|x86.ActiveCfg = Release|Any CPU
		{3F79A439-97FC-443A-9C5B-899EF561C060}.Release|x86.Build.0 = Release|Any CPU
	EndGlobalSection
EndGlobal
